
Microsoft Visual Studio Solution File, Format Version 12.00
# Visual Studio 15
VisualStudioVersion = 15.0.28010.2048
MinimumVisualStudioVersion = 10.0.40219.1
Project("{FAE04EC0-301F-11D3-BF4B-00C04F79EFBC}") = "GitHub-CMS", "GitHub-CMS\GitHub-CMS.csproj", "{6222968D-A3A6-4E9A-9C2F-2779B263CAEB}"
EndProject
Global
	GlobalSection(SolutionConfigurationPlatforms) = preSolution
		Debug|Any CPU = Debug|Any CPU
		Release|Any CPU = Release|Any CPU
	EndGlobalSection
	GlobalSection(ProjectConfigurationPlatforms) = postSolution
		{6222968D-A3A6-4E9A-9C2F-2779B263CAEB}.Debug|Any CPU.ActiveCfg = Debug|Any CPU
		{6222968D-A3A6-4E9A-9C2F-2779B263CAEB}.Debug|Any CPU.Build.0 = Debug|Any CPU
		{6222968D-A3A6-4E9A-9C2F-2779B263CAEB}.Release|Any CPU.ActiveCfg = Release|Any CPU
		{6222968D-A3A6-4E9A-9C2F-2779B263CAEB}.Release|Any CPU.Build.0 = Release|Any CPU
	EndGlobalSection
	GlobalSection(SolutionProperties) = preSolution
		HideSolutionNode = FALSE
	EndGlobalSection
	GlobalSection(ExtensibilityGlobals) = postSolution
		SolutionGuid = {56A0B710-DA4D-4EF3-B612-08D3061D46ED}
	EndGlobalSection
EndGlobal
